
Microsoft Visual Studio Solution File, Format Version 12.00
# Visual Studio Version 16
VisualStudioVersion = 16.0.30611.23
MinimumVisualStudioVersion = 10.0.40219.1
Project("{FAE04EC0-301F-11D3-BF4B-00C04F79EFBC}") = "RichTextKitIssue24.UWP", "RichTextKitIssue24.UWP\RichTextKitIssue24.UWP.csproj", "{DBBDDB10-01B5-4303-9CA4-31F20B1295D4}"
EndProject
Project("{FAE04EC0-301F-11D3-BF4B-00C04F79EFBC}") = "RichTextKitIssue24.Android", "RichTextKitIssue24.Android\RichTextKitIssue24.Android.csproj", "{11624B30-6FB4-4836-8BD9-EEE4BFE9DA83}"
EndProject
Project("{FAE04EC0-301F-11D3-BF4B-00C04F79EFBC}") = "RichTextKitIssue24.iOS", "RichTextKitIssue24.iOS\RichTextKitIssue24.iOS.csproj", "{B9DC9469-F310-4F6C-A64B-41504A76B7EE}"
EndProject
Project("{FAE04EC0-301F-11D3-BF4B-00C04F79EFBC}") = "RichTextKitIssue24", "RichTextKitIssue24\RichTextKitIssue24.csproj", "{7520F605-86A3-4A8B-865B-02CC579DD55B}"
EndProject
Global
	GlobalSection(SolutionConfigurationPlatforms) = preSolution
		Debug|Any CPU = Debug|Any CPU
		Debug|ARM = Debug|ARM
		Debug|iPhone = Debug|iPhone
		Debug|iPhoneSimulator = Debug|iPhoneSimulator
		Debug|x64 = Debug|x64
		Debug|x86 = Debug|x86
		Release|Any CPU = Release|Any CPU
		Release|ARM = Release|ARM
		Release|iPhone = Release|iPhone
		Release|iPhoneSimulator = Release|iPhoneSimulator
		Release|x64 = Release|x64
		Release|x86 = Release|x86
	EndGlobalSection
	GlobalSection(ProjectConfigurationPlatforms) = postSolution
		{DBBDDB10-01B5-4303-9CA4-31F20B1295D4}.Debug|Any CPU.ActiveCfg = Debug|x86
		{DBBDDB10-01B5-4303-9CA4-31F20B1295D4}.Debug|Any CPU.Build.0 = Debug|x86
		{DBBDDB10-01B5-4303-9CA4-31F20B1295D4}.Debug|Any CPU.Deploy.0 = Debug|x86
		{DBBDDB10-01B5-4303-9CA4-31F20B1295D4}.Debug|ARM.ActiveCfg = Debug|ARM
		{DBBDDB10-01B5-4303-9CA4-31F20B1295D4}.Debug|ARM.Build.0 = Debug|ARM
		{DBBDDB10-01B5-4303-9CA4-31F20B1295D4}.Debug|ARM.Deploy.0 = Debug|ARM
		{DBBDDB10-01B5-4303-9CA4-31F20B1295D4}.Debug|iPhone.ActiveCfg = Debug|x86
		{DBBDDB10-01B5-4303-9CA4-31F20B1295D4}.Debug|iPhone.Build.0 = Debug|x86
		{DBBDDB10-01B5-4303-9CA4-31F20B1295D4}.Debug|iPhone.Deploy.0 = Debug|x86
		{DBBDDB10-01B5-4303-9CA4-31F20B1295D4}.Debug|iPhoneSimulator.ActiveCfg = Debug|x86
		{DBBDDB10-01B5-4303-9CA4-31F20B1295D4}.Debug|iPhoneSimulator.Build.0 = Debug|x86
		{DBBDDB10-01B5-4303-9CA4-31F20B1295D4}.Debug|iPhoneSimulator.Deploy.0 = Debug|x86
		{DBBDDB10-01B5-4303-9CA4-31F20B1295D4}.Debug|x64.ActiveCfg = Debug|x64
		{DBBDDB10-01B5-4303-9CA4-31F20B1295D4}.Debug|x64.Build.0 = Debug|x64
		{DBBDDB10-01B5-4303-9CA4-31F20B1295D4}.Debug|x64.Deploy.0 = Debug|x64
		{DBBDDB10-01B5-4303-9CA4-31F20B1295D4}.Debug|x86.ActiveCfg = Debug|x86
		{DBBDDB10-01B5-4303-9CA4-31F20B1295D4}.Debug|x86.Build.0 = Debug|x86
		{DBBDDB10-01B5-4303-9CA4-31F20B1295D4}.Debug|x86.Deploy.0 = Debug|x86
		{DBBDDB10-01B5-4303-9CA4-31F20B1295D4}.Release|Any CPU.ActiveCfg = Release|x86
		{DBBDDB10-01B5-4303-9CA4-31F20B1295D4}.Release|Any CPU.Build.0 = Release|x86
		{DBBDDB10-01B5-4303-9CA4-31F20B1295D4}.Release|Any CPU.Deploy.0 = Release|x86
		{DBBDDB10-01B5-4303-9CA4-31F20B1295D4}.Release|ARM.ActiveCfg = Release|ARM
		{DBBDDB10-01B5-4303-9CA4-31F20B1295D4}.Release|ARM.Build.0 = Release|ARM
		{DBBDDB10-01B5-4303-9CA4-31F20B1295D4}.Release|ARM.Deploy.0 = Release|ARM
		{DBBDDB10-01B5-4303-9CA4-31F20B1295D4}.Release|iPhone.ActiveCfg = Release|x86
		{DBBDDB10-01B5-4303-9CA4-31F20B1295D4}.Release|iPhone.Build.0 = Release|x86
		{DBBDDB10-01B5-4303-9CA4-31F20B1295D4}.Release|iPhone.Deploy.0 = Release|x86
		{DBBDDB10-01B5-4303-9CA4-31F20B1295D4}.Release|iPhoneSimulator.ActiveCfg = Release|x86
		{DBBDDB10-01B5-4303-9CA4-31F20B1295D4}.Release|iPhoneSimulator.Build.0 = Release|x86
		{DBBDDB10-01B5-4303-9CA4-31F20B1295D4}.Release|iPhoneSimulator.Deploy.0 = Release|x86
		{DBBDDB10-01B5-4303-9CA4-31F20B1295D4}.Release|x64.ActiveCfg = Release|x64
		{DBBDDB10-01B5-4303-9CA4-31F20B1295D4}.Release|x64.Build.0 = Release|x64
		{DBBDDB10-01B5-4303-9CA4-31F20B1295D4}.Release|x64.Deploy.0 = Release|x64
		{DBBDDB10-01B5-4303-9CA4-31F20B1295D4}.Release|x86.ActiveCfg = Release|x86
		{DBBDDB10-01B5-4303-9CA4-31F20B1295D4}.Release|x86.Build.0 = Release|x86
		{DBBDDB10-01B5-4303-9CA4-31F20B1295D4}.Release|x86.Deploy.0 = Release|x86
		{11624B30-6FB4-4836-8BD9-EEE4BFE9DA83}.Debug|Any CPU.ActiveCfg = Debug|Any CPU
		{11624B30-6FB4-4836-8BD9-EEE4BFE9DA83}.Debug|Any CPU.Build.0 = Debug|Any CPU
		{11624B30-6FB4-4836-8BD9-EEE4BFE9DA83}.Debug|Any CPU.Deploy.0 = Debug|Any CPU
		{11624B30-6FB4-4836-8BD9-EEE4BFE9DA83}.Debug|ARM.ActiveCfg = Debug|Any CPU
		{11624B30-6FB4-4836-8BD9-EEE4BFE9DA83}.Debug|ARM.Build.0 = Debug|Any CPU
		{11624B30-6FB4-4836-8BD9-EEE4BFE9DA83}.Debug|ARM.Deploy.0 = Debug|Any CPU
		{11624B30-6FB4-4836-8BD9-EEE4BFE9DA83}.Debug|iPhone.ActiveCfg = Debug|Any CPU
		{11624B30-6FB4-4836-8BD9-EEE4BFE9DA83}.Debug|iPhone.Build.0 = Debug|Any CPU
		{11624B30-6FB4-4836-8BD9-EEE4BFE9DA83}.Debug|iPhone.Deploy.0 = Debug|Any CPU
		{11624B30-6FB4-4836-8BD9-EEE4BFE9DA83}.Debug|iPhoneSimulator.ActiveCfg = Debug|Any CPU
		{11624B30-6FB4-4836-8BD9-EEE4BFE9DA83}.Debug|iPhoneSimulator.Build.0 = Debug|Any CPU
		{11624B30-6FB4-4836-8BD9-EEE4BFE9DA83}.Debug|iPhoneSimulator.Deploy.0 = Debug|Any CPU
		{11624B30-6FB4-4836-8BD9-EEE4BFE9DA83}.Debug|x64.ActiveCfg = Debug|Any CPU
		{11624B30-6FB4-4836-8BD9-EEE4BFE9DA83}.Debug|x64.Build.0 = Debug|Any CPU
		{11624B30-6FB4-4836-8BD9-EEE4BFE9DA83}.Debug|x64.Deploy.0 = Debug|Any CPU
		{11624B30-6FB4-4836-8BD9-EEE4BFE9DA83}.Debug|x86.ActiveCfg = Debug|Any CPU
		{11624B30-6FB4-4836-8BD9-EEE4BFE9DA83}.Debug|x86.Build.0 = Debug|Any CPU
		{11624B30-6FB4-4836-8BD9-EEE4BFE9DA83}.Debug|x86.Deploy.0 = Debug|Any CPU
		{11624B30-6FB4-4836-8BD9-EEE4BFE9DA83}.Release|Any CPU.ActiveCfg = Release|Any CPU
		{11624B30-6FB4-4836-8BD9-EEE4BFE9DA83}.Release|Any CPU.Build.0 = Release|Any CPU
		{11624B30-6FB4-4836-8BD9-EEE4BFE9DA83}.Release|Any CPU.Deploy.0 = Release|Any CPU
		{11624B30-6FB4-4836-8BD9-EEE4BFE9DA83}.Release|ARM.ActiveCfg = Release|Any CPU
		{11624B30-6FB4-4836-8BD9-EEE4BFE9DA83}.Release|ARM.Build.0 = Release|Any CPU
		{11624B30-6FB4-4836-8BD9-EEE4BFE9DA83}.Release|ARM.Deploy.0 = Release|Any CPU
		{11624B30-6FB4-4836-8BD9-EEE4BFE9DA83}.Release|iPhone.ActiveCfg = Release|Any CPU
		{11624B30-6FB4-4836-8BD9-EEE4BFE9DA83}.Release|iPhone.Build.0 = Release|Any CPU
		{11624B30-6FB4-4836-8BD9-EEE4BFE9DA83}.Release|iPhone.Deploy.0 = Release|Any CPU
		{11624B30-6FB4-4836-8BD9-EEE4BFE9DA83}.Release|iPhoneSimulator.ActiveCfg = Release|Any CPU
		{11624B30-6FB4-4836-8BD9-EEE4BFE9DA83}.Release|iPhoneSimulator.Build.0 = Release|Any CPU
		{11624B30-6FB4-4836-8BD9-EEE4BFE9DA83}.Release|iPhoneSimulator.Deploy.0 = Release|Any CPU
		{11624B30-6FB4-4836-8BD9-EEE4BFE9DA83}.Release|x64.ActiveCfg = Release|Any CPU
		{11624B30-6FB4-4836-8BD9-EEE4BFE9DA83}.Release|x64.Build.0 = Release|Any CPU
		{11624B30-6FB4-4836-8BD9-EEE4BFE9DA83}.Release|x64.Deploy.0 = Release|Any CPU
		{11624B30-6FB4-4836-8BD9-EEE4BFE9DA83}.Release|x86.ActiveCfg = Release|Any CPU
		{11624B30-6FB4-4836-8BD9-EEE4BFE9DA83}.Release|x86.Build.0 = Release|Any CPU
		{11624B30-6FB4-4836-8BD9-EEE4BFE9DA83}.Release|x86.Deploy.0 = Release|Any CPU
		{B9DC9469-F310-4F6C-A64B-41504A76B7EE}.Debug|Any CPU.ActiveCfg = Debug|iPhoneSimulator
		{B9DC9469-F310-4F6C-A64B-41504A76B7EE}.Debug|Any CPU.Build.0 = Debug|iPhoneSimulator
		{B9DC9469-F310-4F6C-A64B-41504A76B7EE}.Debug|Any CPU.Deploy.0 = Debug|iPhoneSimulator
		{B9DC9469-F310-4F6C-A64B-41504A76B7EE}.Debug|ARM.ActiveCfg = Debug|iPhone
		{B9DC9469-F310-4F6C-A64B-41504A76B7EE}.Debug|ARM.Build.0 = Debug|iPhone
		{B9DC9469-F310-4F6C-A64B-41504A76B7EE}.Debug|ARM.Deploy.0 = Debug|iPhone
		{B9DC9469-F310-4F6C-A64B-41504A76B7EE}.Debug|iPhone.ActiveCfg = Debug|iPhone
		{B9DC9469-F310-4F6C-A64B-41504A76B7EE}.Debug|iPhone.Build.0 = Debug|iPhone
		{B9DC9469-F310-4F6C-A64B-41504A76B7EE}.Debug|iPhone.Deploy.0 = Debug|iPhone
		{B9DC9469-F310-4F6C-A64B-41504A76B7EE}.Debug|iPhoneSimulator.ActiveCfg = Debug|iPhoneSimulator
		{B9DC9469-F310-4F6C-A64B-41504A76B7EE}.Debug|iPhoneSimulator.Build.0 = Debug|iPhoneSimulator
		{B9DC9469-F310-4F6C-A64B-41504A76B7EE}.Debug|iPhoneSimulator.Deploy.0 = Debug|iPhoneSimulator
		{B9DC9469-F310-4F6C-A64B-41504A76B7EE}.Debug|x64.ActiveCfg = Debug|iPhoneSimulator
		{B9DC9469-F310-4F6C-A64B-41504A76B7EE}.Debug|x64.Build.0 = Debug|iPhoneSimulator
		{B9DC9469-F310-4F6C-A64B-41504A76B7EE}.Debug|x64.Deploy.0 = Debug|iPhoneSimulator
		{B9DC9469-F310-4F6C-A64B-41504A76B7EE}.Debug|x86.ActiveCfg = Debug|iPhoneSimulator
		{B9DC9469-F310-4F6C-A64B-41504A76B7EE}.Debug|x86.Build.0 = Debug|iPhoneSimulator
		{B9DC9469-F310-4F6C-A64B-41504A76B7EE}.Debug|x86.Deploy.0 = Debug|iPhoneSimulator
		{B9DC9469-F310-4F6C-A64B-41504A76B7EE}.Release|Any CPU.ActiveCfg = Release|iPhoneSimulator
		{B9DC9469-F310-4F6C-A64B-41504A76B7EE}.Release|Any CPU.Build.0 = Release|iPhoneSimulator
		{B9DC9469-F310-4F6C-A64B-41504A76B7EE}.Release|Any CPU.Deploy.0 = Release|iPhoneSimulator
		{B9DC9469-F310-4F6C-A64B-41504A76B7EE}.Release|ARM.ActiveCfg = Release|iPhoneSimulator
		{B9DC9469-F310-4F6C-A64B-41504A76B7EE}.Release|ARM.Build.0 = Release|iPhoneSimulator
		{B9DC9469-F310-4F6C-A64B-41504A76B7EE}.Release|ARM.Deploy.0 = Release|iPhoneSimulator
		{B9DC9469-F310-4F6C-A64B-41504A76B7EE}.Release|iPhone.ActiveCfg = Release|iPhone
		{B9DC9469-F310-4F6C-A64B-41504A76B7EE}.Release|iPhone.Build.0 = Release|iPhone
		{B9DC9469-F310-4F6C-A64B-41504A76B7EE}.Release|iPhone.Deploy.0 = Release|iPhone
		{B9DC9469-F310-4F6C-A64B-41504A76B7EE}.Release|iPhoneSimulator.ActiveCfg = Release|iPhoneSimulator
		{B9DC9469-F310-4F6C-A64B-41504A76B7EE}.Release|iPhoneSimulator.Build.0 = Release|iPhoneSimulator
		{B9DC9469-F310-4F6C-A64B-41504A76B7EE}.Release|iPhoneSimulator.Deploy.0 = Release|iPhoneSimulator
		{B9DC9469-F310-4F6C-A64B-41504A76B7EE}.Release|x64.ActiveCfg = Release|iPhoneSimulator
		{B9DC9469-F310-4F6C-A64B-41504A76B7EE}.Release|x64.Build.0 = Release|iPhoneSimulator
		{B9DC9469-F310-4F6C-A64B-41504A76B7EE}.Release|x64.Deploy.0 = Release|iPhoneSimulator
		{B9DC9469-F310-4F6C-A64B-41504A76B7EE}.Release|x86.ActiveCfg = Release|iPhoneSimulator
		{B9DC9469-F310-4F6C-A64B-41504A76B7EE}.Release|x86.Build.0 = Release|iPhoneSimulator
		{B9DC9469-F310-4F6C-A64B-41504A76B7EE}.Release|x86.Deploy.0 = Release|iPhoneSimulator
		{7520F605-86A3-4A8B-865B-02CC579DD55B}.Debug|Any CPU.ActiveCfg = Debug|Any CPU
		{7520F605-86A3-4A8B-865B-02CC579DD55B}.Debug|Any CPU.Build.0 = Debug|Any CPU
		{7520F605-86A3-4A8B-865B-02CC579DD55B}.Debug|Any CPU.Deploy.0 = Debug|Any CPU
		{7520F605-86A3-4A8B-865B-02CC579DD55B}.Debug|ARM.ActiveCfg = Debug|Any CPU
		{7520F605-86A3-4A8B-865B-02CC579DD55B}.Debug|ARM.Build.0 = Debug|Any CPU
		{7520F605-86A3-4A8B-865B-02CC579DD55B}.Debug|ARM.Deploy.0 = Debug|Any CPU
		{7520F605-86A3-4A8B-865B-02CC579DD55B}.Debug|iPhone.ActiveCfg = Debug|Any CPU
		{7520F605-86A3-4A8B-865B-02CC579DD55B}.Debug|iPhone.Build.0 = Debug|Any CPU
		{7520F605-86A3-4A8B-865B-02CC579DD55B}.Debug|iPhone.Deploy.0 = Debug|Any CPU
		{7520F605-86A3-4A8B-865B-02CC579DD55B}.Debug|iPhoneSimulator.ActiveCfg = Debug|Any CPU
		{7520F605-86A3-4A8B-865B-02CC579DD55B}.Debug|iPhoneSimulator.Build.0 = Debug|Any CPU
		{7520F605-86A3-4A8B-865B-02CC579DD55B}.Debug|iPhoneSimulator.Deploy.0 = Debug|Any CPU
		{7520F605-86A3-4A8B-865B-02CC579DD55B}.Debug|x64.ActiveCfg = Debug|Any CPU
		{7520F605-86A3-4A8B-865B-02CC579DD55B}.Debug|x64.Build.0 = Debug|Any CPU
		{7520F605-86A3-4A8B-865B-02CC579DD55B}.Debug|x64.Deploy.0 = Debug|Any CPU
		{7520F605-86A3-4A8B-865B-02CC579DD55B}.Debug|x86.ActiveCfg = Debug|Any CPU
		{7520F605-86A3-4A8B-865B-02CC579DD55B}.Debug|x86.Build.0 = Debug|Any CPU
		{7520F605-86A3-4A8B-865B-02CC579DD55B}.Debug|x86.Deploy.0 = Debug|Any CPU
		{7520F605-86A3-4A8B-865B-02CC579DD55B}.Release|Any CPU.ActiveCfg = Release|Any CPU
		{7520F605-86A3-4A8B-865B-02CC579DD55B}.Release|Any CPU.Build.0 = Release|Any CPU
		{7520F605-86A3-4A8B-865B-02CC579DD55B}.Release|Any CPU.Deploy.0 = Release|Any CPU
		{7520F605-86A3-4A8B-865B-02CC579DD55B}.Release|ARM.ActiveCfg = Release|Any CPU
		{7520F605-86A3-4A8B-865B-02CC579DD55B}.Release|ARM.Build.0 = Release|Any CPU
		{7520F605-86A3-4A8B-865B-02CC579DD55B}.Release|ARM.Deploy.0 = Release|Any CPU
		{7520F605-86A3-4A8B-865B-02CC579DD55B}.Release|iPhone.ActiveCfg = Release|Any CPU
		{7520F605-86A3-4A8B-865B-02CC579DD55B}.Release|iPhone.Build.0 = Release|Any CPU
		{7520F605-86A3-4A8B-865B-02CC579DD55B}.Release|iPhone.Deploy.0 = Release|Any CPU
		{7520F605-86A3-4A8B-865B-02CC579DD55B}.Release|iPhoneSimulator.ActiveCfg = Release|Any CPU
		{7520F605-86A3-4A8B-865B-02CC579DD55B}.Release|iPhoneSimulator.Build.0 = Release|Any CPU
		{7520F605-86A3-4A8B-865B-02CC579DD55B}.Release|iPhoneSimulator.Deploy.0 = Release|Any CPU
		{7520F605-86A3-4A8B-865B-02CC579DD55B}.Release|x64.ActiveCfg = Release|Any CPU
		{7520F605-86A3-4A8B-865B-02CC579DD55B}.Release|x64.Build.0 = Release|Any CPU
		{7520F605-86A3-4A8B-865B-02CC579DD55B}.Release|x64.Deploy.0 = Release|Any CPU
		{7520F605-86A3-4A8B-865B-02CC579DD55B}.Release|x86.ActiveCfg = Release|Any CPU
		{7520F605-86A3-4A8B-865B-02CC579DD55B}.Release|x86.Build.0 = Release|Any CPU
		{7520F605-86A3-4A8B-865B-02CC579DD55B}.Release|x86.Deploy.0 = Release|Any CPU
	EndGlobalSection
	GlobalSection(SolutionProperties) = preSolution
		HideSolutionNode = FALSE
	EndGlobalSection
	GlobalSection(ExtensibilityGlobals) = postSolution
		SolutionGuid = {A085B19C-BC38-4132-AE55-2911678BA510}
	EndGlobalSection
EndGlobal
